# This file is automatically @generated by Cargo.
# It is not intended for manual editing.
version = 4

[[package]]
name = "cc"
version = "1.4.5"
source = "registry+https://github.com/rust-lang/crates.io-index"
checksum = "005ec2760ca554fae18df7a11195552ec576cd665632a881bc011d5bb2fd4d80"
dependencies = [
 "find-msvc-tools",
 "shlex",
]

[[package]]
name = "find-msvc-tools"
version = "0.1.12"
source = "registry+https://github.com/rust-lang/crates.io-index"
checksum = "3e0f1c7c3a72c66fd80abe965175f7523475c0489a87d3ff9d6e8c87d87a9d2d"

[[package]]
name = "fractalctl"
version = "0.1.0"
dependencies = [
 "fractald-config",
 "fractald-control",
 "fractald-platform",
]

[[package]]
name = "fractald"
version = "0.1.0"
dependencies = [
 "fractald-chaos",
 "fractald-config",
 "fractald-control",
 "fractald-core",
 "fractald-platform",
 "fractald-storage",
 "fractald-supervisor",
]

[[package]]
name = "fractald-analyze"
version = "0.1.0"
dependencies = [
 "fractald-config",
]

[[package]]
name = "fractald-chaos"
version = "0.1.0"
dependencies = [
 "cc",
]

[[package]]
name = "fractald-config"
version = "0.1.0"
dependencies = [
 "fractald-core",
]

[[package]]
name = "fractald-control"
version = "0.1.0"
dependencies = [
 "fractald-platform",
]

[[package]]
name = "fractald-core"
version = "0.1.0"

[[package]]
name = "fractald-detect-virt"
version = "0.1.0"

[[package]]
name = "fractald-escape"
version = "0.1.0"

[[package]]
name = "fractald-journal"
version = "0.1.0"

[[package]]
name = "fractald-journalctl"
version = "0.1.0"
dependencies = [
 "fractald-journal",
 "fractald-platform",
]

[[package]]
name = "fractald-kernel-install"
version = "0.1.0"

[[package]]
name = "fractald-launch"
version = "0.1.0"

[[package]]
name = "fractald-machine-id"
version = "0.1.0"

[[package]]
name = "fractald-notify"
version = "0.1.0"
dependencies = [
 "fractald-control",
 "fractald-platform",
]

[[package]]
name = "fractald-package-trigger"
version = "0.1.0"
dependencies = [
 "fractald-config",
 "fractald-control",
]

[[package]]
name = "fractald-platform"
version = "0.1.0"
dependencies = [
 "cc",
]

[[package]]
name = "fractald-resolvectl"
version = "0.1.0"
dependencies = [
 "fractald-resolver",
]

[[package]]
name = "fractald-resolved"
version = "0.1.0"
dependencies = [
 "fractald-platform",
 "fractald-resolver",
]

[[package]]
name = "fractald-resolver"
version = "0.1.0"
dependencies = [
 "fractald-platform",
]

[[package]]
name = "fractald-storage"
version = "0.1.0"

[[package]]
name = "fractald-supervisor"
version = "0.1.0"
dependencies = [
 "fractald-core",
 "fractald-journal",
 "fractald-platform",
]

[[package]]
name = "fractald-sysctl"
version = "0.1.0"

[[package]]
name = "fractald-sysusers"
version = "0.1.0"

[[package]]
name = "fractald-tmpfiles"
version = "0.1.0"
dependencies = [
 "fractald-platform",
]

[[package]]
name = "fractald-udevadm"
version = "0.1.0"

[[package]]
name = "rustybox"
version = "0.1.0"
dependencies = [
 "cc",
 "fractald-chaos",
]

[[package]]
name = "shlex"
version = "2.0.1"
source = "registry+https://github.com/rust-lang/crates.io-index"
checksum = "f8fadd59c855ef2080decdef8ff161eb6661b86933c9d82e5ba29dc602a55aba"
